
Microsoft Visual Studio Solution File, Format Version 12.00
# Visual Studio Version 17
VisualStudioVersion = 17.1.32414.318
MinimumVisualStudioVersion = 10.0.40219.1
Project("{9A19103F-16F7-4668-BE54-9A1E7A4F7556}") = "Preezie.App.API", "Preezie\Preezie.App.API.csproj", "{FA6CD8F7-E301-4EEA-BB23-8A03DE7A8D56}"
EndProject
Project("{2150E333-8FDC-42A3-9474-1A3956D46DE8}") = "1. Application", "1. Application", "{B4ED5004-0F88-4DC6-988B-3EB745F61C63}"
EndProject
Project("{2150E333-8FDC-42A3-9474-1A3956D46DE8}") = "2. Shared", "2. Shared", "{D3EF0031-092C-4456-9043-AFE30336B154}"
EndProject
Project("{2150E333-8FDC-42A3-9474-1A3956D46DE8}") = "3. Services", "3. Services", "{CE4D00E5-5B2B-4F65-B70D-444ED8EF40D1}"
EndProject
Project("{2150E333-8FDC-42A3-9474-1A3956D46DE8}") = "4. DataAccess", "4. DataAccess", "{7878ED23-C6C1-4481-A5F4-B63DD1D520E0}"
EndProject
Project("{2150E333-8FDC-42A3-9474-1A3956D46DE8}") = "5. Solution", "5. Solution", "{E61ECD69-2B45-4E12-B292-47F1185CCDA7}"
EndProject
Project("{2150E333-8FDC-42A3-9474-1A3956D46DE8}") = "a. Api", "a. Api", "{F8F5A5AE-D658-4844-91CF-2533B370A60C}"
EndProject
Project("{FAE04EC0-301F-11D3-BF4B-00C04F79EFBC}") = "Preezie.Solution.ExceptionHandler", "Preezie.Solution.ExceptionHandler\Preezie.Solution.ExceptionHandler.csproj", "{934E9787-27BF-4703-BA8D-A5086FB58EB5}"
EndProject
Project("{FAE04EC0-301F-11D3-BF4B-00C04F79EFBC}") = "Preezie.Solution.ApiFilters", "Preezie.Solution.ApiFilters\Preezie.Solution.ApiFilters.csproj", "{8522D4F2-9FB3-4C45-8727-2A9DA2376BA3}"
EndProject
Project("{FAE04EC0-301F-11D3-BF4B-00C04F79EFBC}") = "Preezie.Shared.DTOs", "Preezie.Shared.DTOs\Preezie.Shared.DTOs.csproj", "{82B09A41-0818-4015-BD2C-EF1C6228B49B}"
EndProject
Project("{FAE04EC0-301F-11D3-BF4B-00C04F79EFBC}") = "Preezie.Services.UsersService", "Preezie.Services.UsersService\Preezie.Services.UsersService.csproj", "{2DE424FB-8E80-47B2-ADCE-90E0244C47A3}"
EndProject
Project("{FAE04EC0-301F-11D3-BF4B-00C04F79EFBC}") = "Preezie.DataAccess.Models", "Preezie.DataAccess.Models\Preezie.DataAccess.Models.csproj", "{DAC3B9AC-4D71-48FD-A57E-7E1ACB424AEF}"
EndProject
Project("{FAE04EC0-301F-11D3-BF4B-00C04F79EFBC}") = "Preezie.DataAccess.Database", "Preezie.DataAccess.Database\Preezie.DataAccess.Database.csproj", "{939DD96C-2704-4084-8977-01DC3762189F}"
EndProject
Global
	GlobalSection(SolutionConfigurationPlatforms) = preSolution
		Debug|Any CPU = Debug|Any CPU
		Release|Any CPU = Release|Any CPU
	EndGlobalSection
	GlobalSection(ProjectConfigurationPlatforms) = postSolution
		{FA6CD8F7-E301-4EEA-BB23-8A03DE7A8D56}.Debug|Any CPU.ActiveCfg = Debug|Any CPU
		{FA6CD8F7-E301-4EEA-BB23-8A03DE7A8D56}.Debug|Any CPU.Build.0 = Debug|Any CPU
		{FA6CD8F7-E301-4EEA-BB23-8A03DE7A8D56}.Release|Any CPU.ActiveCfg = Release|Any CPU
		{FA6CD8F7-E301-4EEA-BB23-8A03DE7A8D56}.Release|Any CPU.Build.0 = Release|Any CPU
		{934E9787-27BF-4703-BA8D-A5086FB58EB5}.Debug|Any CPU.ActiveCfg = Debug|Any CPU
		{934E9787-27BF-4703-BA8D-A5086FB58EB5}.Debug|Any CPU.Build.0 = Debug|Any CPU
		{934E9787-27BF-4703-BA8D-A5086FB58EB5}.Release|Any CPU.ActiveCfg = Release|Any CPU
		{934E9787-27BF-4703-BA8D-A5086FB58EB5}.Release|Any CPU.Build.0 = Release|Any CPU
		{8522D4F2-9FB3-4C45-8727-2A9DA2376BA3}.Debug|Any CPU.ActiveCfg = Debug|Any CPU
		{8522D4F2-9FB3-4C45-8727-2A9DA2376BA3}.Debug|Any CPU.Build.0 = Debug|Any CPU
		{8522D4F2-9FB3-4C45-8727-2A9DA2376BA3}.Release|Any CPU.ActiveCfg = Release|Any CPU
		{8522D4F2-9FB3-4C45-8727-2A9DA2376BA3}.Release|Any CPU.Build.0 = Release|Any CPU
		{82B09A41-0818-4015-BD2C-EF1C6228B49B}.Debug|Any CPU.ActiveCfg = Debug|Any CPU
		{82B09A41-0818-4015-BD2C-EF1C6228B49B}.Debug|Any CPU.Build.0 = Debug|Any CPU
		{82B09A41-0818-4015-BD2C-EF1C6228B49B}.Release|Any CPU.ActiveCfg = Release|Any CPU
		{82B09A41-0818-4015-BD2C-EF1C6228B49B}.Release|Any CPU.Build.0 = Release|Any CPU
		{2DE424FB-8E80-47B2-ADCE-90E0244C47A3}.Debug|Any CPU.ActiveCfg = Debug|Any CPU
		{2DE424FB-8E80-47B2-ADCE-90E0244C47A3}.Debug|Any CPU.Build.0 = Debug|Any CPU
		{2DE424FB-8E80-47B2-ADCE-90E0244C47A3}.Release|Any CPU.ActiveCfg = Release|Any CPU
		{2DE424FB-8E80-47B2-ADCE-90E0244C47A3}.Release|Any CPU.Build.0 = Release|Any CPU
		{DAC3B9AC-4D71-48FD-A57E-7E1ACB424AEF}.Debug|Any CPU.ActiveCfg = Debug|Any CPU
		{DAC3B9AC-4D71-48FD-A57E-7E1ACB424AEF}.Debug|Any CPU.Build.0 = Debug|Any CPU
		{DAC3B9AC-4D71-48FD-A57E-7E1ACB424AEF}.Release|Any CPU.ActiveCfg = Release|Any CPU
		{DAC3B9AC-4D71-48FD-A57E-7E1ACB424AEF}.Release|Any CPU.Build.0 = Release|Any CPU
		{939DD96C-2704-4084-8977-01DC3762189F}.Debug|Any CPU.ActiveCfg = Debug|Any CPU
		{939DD96C-2704-4084-8977-01DC3762189F}.Debug|Any CPU.Build.0 = Debug|Any CPU
		{939DD96C-2704-4084-8977-01DC3762189F}.Release|Any CPU.ActiveCfg = Release|Any CPU
		{939DD96C-2704-4084-8977-01DC3762189F}.Release|Any CPU.Build.0 = Release|Any CPU
	EndGlobalSection
	GlobalSection(SolutionProperties) = preSolution
		HideSolutionNode = FALSE
	EndGlobalSection
	GlobalSection(NestedProjects) = preSolution
		{FA6CD8F7-E301-4EEA-BB23-8A03DE7A8D56} = {F8F5A5AE-D658-4844-91CF-2533B370A60C}
		{F8F5A5AE-D658-4844-91CF-2533B370A60C} = {B4ED5004-0F88-4DC6-988B-3EB745F61C63}
		{934E9787-27BF-4703-BA8D-A5086FB58EB5} = {E61ECD69-2B45-4E12-B292-47F1185CCDA7}
		{8522D4F2-9FB3-4C45-8727-2A9DA2376BA3} = {E61ECD69-2B45-4E12-B292-47F1185CCDA7}
		{82B09A41-0818-4015-BD2C-EF1C6228B49B} = {D3EF0031-092C-4456-9043-AFE30336B154}
		{2DE424FB-8E80-47B2-ADCE-90E0244C47A3} = {CE4D00E5-5B2B-4F65-B70D-444ED8EF40D1}
		{DAC3B9AC-4D71-48FD-A57E-7E1ACB424AEF} = {7878ED23-C6C1-4481-A5F4-B63DD1D520E0}
		{939DD96C-2704-4084-8977-01DC3762189F} = {7878ED23-C6C1-4481-A5F4-B63DD1D520E0}
	EndGlobalSection
	GlobalSection(ExtensibilityGlobals) = postSolution
		SolutionGuid = {8DE3DFD0-8AF8-408A-A323-BDA116F3A6BD}
	EndGlobalSection
EndGlobal
